
Microsoft Visual Studio Solution File, Format Version 12.00
# Visual Studio Version 17
VisualStudioVersion = 17.2.33801.349
MinimumVisualStudioVersion = 10.0.40219.1
Project("{FAE04EC0-301F-11D3-BF4B-00C04F79EFBC}") = "Kodlama.io.Devs", "Kodlama.io.Devs\Kodlama.io.Devs.csproj", "{38EB3623-B0D0-4019-82B9-926E2FA87DB7}"
EndProject
Project("{2150E333-8FDC-42A3-9474-1A3956D46DE8}") = "src", "src", "{044335A8-1D82-43B9-AFBD-E0621F289A25}"
EndProject
Project("{2150E333-8FDC-42A3-9474-1A3956D46DE8}") = "corePackages", "corePackages", "{8726C911-5A3A-4A0E-A784-1680ACF738AF}"
EndProject
Project("{2150E333-8FDC-42A3-9474-1A3956D46DE8}") = "project", "project", "{43F6461F-12C8-4BC4-B13A-914EFC1C6FEC}"
EndProject
Project("{9A19103F-16F7-4668-BE54-9A1E7A4F7556}") = "Core.Application", "src\corePackages\Core.Application\Core.Application.csproj", "{561F1E41-09B7-4D53-9F8D-0B1524741F14}"
EndProject
Project("{9A19103F-16F7-4668-BE54-9A1E7A4F7556}") = "Core.CrossCuttingConcerns", "src\corePackages\Core.CrossCuttingConcers\Core.CrossCuttingConcerns.csproj", "{17958591-8A97-4376-AB11-CBFE4E71D0E8}"
EndProject
Project("{9A19103F-16F7-4668-BE54-9A1E7A4F7556}") = "Core.ElasticSearch", "src\corePackages\Core.ElasticSearch\Core.ElasticSearch.csproj", "{B5FE03CD-246C-4ABE-834F-6284DF2B08AF}"
EndProject
Project("{9A19103F-16F7-4668-BE54-9A1E7A4F7556}") = "Core.Mailing", "src\corePackages\Core.Mailing\Core.Mailing.csproj", "{4930D724-D428-4D7B-83B7-3622DDCC0375}"
EndProject
Project("{9A19103F-16F7-4668-BE54-9A1E7A4F7556}") = "Core.Persistence", "src\corePackages\Core.Persistence\Core.Persistence.csproj", "{82F9BDB6-7F9C-4FB5-869B-F2AA29D5D9DA}"
EndProject
Project("{9A19103F-16F7-4668-BE54-9A1E7A4F7556}") = "Core.Security", "src\corePackages\Core.Security\Core.Security.csproj", "{BDEB2F7B-387E-45BC-AD04-C094019258C5}"
EndProject
Project("{9A19103F-16F7-4668-BE54-9A1E7A4F7556}") = "Application", "src\project\Application\Application.csproj", "{E947B273-7374-4ACF-A583-1CB39E80E237}"
EndProject
Project("{9A19103F-16F7-4668-BE54-9A1E7A4F7556}") = "Domain", "src\project\Domain\Domain.csproj", "{60913B2F-A78E-411B-A497-480A8CE20B0C}"
EndProject
Project("{9A19103F-16F7-4668-BE54-9A1E7A4F7556}") = "Infrastructure", "src\project\Infrastructure\Infrastructure.csproj", "{503FA4E7-384C-4B69-ACE1-D4AC87F914AE}"
EndProject
Project("{9A19103F-16F7-4668-BE54-9A1E7A4F7556}") = "Persistence", "src\project\Persistence\Persistence.csproj", "{8C3FAF2E-81BA-4893-8293-10B535D3A863}"
EndProject
Project("{FAE04EC0-301F-11D3-BF4B-00C04F79EFBC}") = "WebAPI", "src\project\WebAPI\WebAPI\WebAPI.csproj", "{DF5B428A-D8DC-4FDA-A3EC-206E517F715A}"
EndProject
Global
	GlobalSection(SolutionConfigurationPlatforms) = preSolution
		Debug|Any CPU = Debug|Any CPU
		Release|Any CPU = Release|Any CPU
	EndGlobalSection
	GlobalSection(ProjectConfigurationPlatforms) = postSolution
		{38EB3623-B0D0-4019-82B9-926E2FA87DB7}.Debug|Any CPU.ActiveCfg = Debug|Any CPU
		{38EB3623-B0D0-4019-82B9-926E2FA87DB7}.Debug|Any CPU.Build.0 = Debug|Any CPU
		{38EB3623-B0D0-4019-82B9-926E2FA87DB7}.Release|Any CPU.ActiveCfg = Release|Any CPU
		{38EB3623-B0D0-4019-82B9-926E2FA87DB7}.Release|Any CPU.Build.0 = Release|Any CPU
		{561F1E41-09B7-4D53-9F8D-0B1524741F14}.Debug|Any CPU.ActiveCfg = Debug|Any CPU
		{561F1E41-09B7-4D53-9F8D-0B1524741F14}.Debug|Any CPU.Build.0 = Debug|Any CPU
		{561F1E41-09B7-4D53-9F8D-0B1524741F14}.Release|Any CPU.ActiveCfg = Release|Any CPU
		{561F1E41-09B7-4D53-9F8D-0B1524741F14}.Release|Any CPU.Build.0 = Release|Any CPU
		{17958591-8A97-4376-AB11-CBFE4E71D0E8}.Debug|Any CPU.ActiveCfg = Debug|Any CPU
		{17958591-8A97-4376-AB11-CBFE4E71D0E8}.Debug|Any CPU.Build.0 = Debug|Any CPU
		{17958591-8A97-4376-AB11-CBFE4E71D0E8}.Release|Any CPU.ActiveCfg = Release|Any CPU
		{17958591-8A97-4376-AB11-CBFE4E71D0E8}.Release|Any CPU.Build.0 = Release|Any CPU
		{B5FE03CD-246C-4ABE-834F-6284DF2B08AF}.Debug|Any CPU.ActiveCfg = Debug|Any CPU
		{B5FE03CD-246C-4ABE-834F-6284DF2B08AF}.Debug|Any CPU.Build.0 = Debug|Any CPU
		{B5FE03CD-246C-4ABE-834F-6284DF2B08AF}.Release|Any CPU.ActiveCfg = Release|Any CPU
		{B5FE03CD-246C-4ABE-834F-6284DF2B08AF}.Release|Any CPU.Build.0 = Release|Any CPU
		{4930D724-D428-4D7B-83B7-3622DDCC0375}.Debug|Any CPU.ActiveCfg = Debug|Any CPU
		{4930D724-D428-4D7B-83B7-3622DDCC0375}.Debug|Any CPU.Build.0 = Debug|Any CPU
		{4930D724-D428-4D7B-83B7-3622DDCC0375}.Release|Any CPU.ActiveCfg = Release|Any CPU
		{4930D724-D428-4D7B-83B7-3622DDCC0375}.Release|Any CPU.Build.0 = Release|Any CPU
		{82F9BDB6-7F9C-4FB5-869B-F2AA29D5D9DA}.Debug|Any CPU.ActiveCfg = Debug|Any CPU
		{82F9BDB6-7F9C-4FB5-869B-F2AA29D5D9DA}.Debug|Any CPU.Build.0 = Debug|Any CPU
		{82F9BDB6-7F9C-4FB5-869B-F2AA29D5D9DA}.Release|Any CPU.ActiveCfg = Release|Any CPU
		{82F9BDB6-7F9C-4FB5-869B-F2AA29D5D9DA}.Release|Any CPU.Build.0 = Release|Any CPU
		{BDEB2F7B-387E-45BC-AD04-C094019258C5}.Debug|Any CPU.ActiveCfg = Debug|Any CPU
		{BDEB2F7B-387E-45BC-AD04-C094019258C5}.Debug|Any CPU.Build.0 = Debug|Any CPU
		{BDEB2F7B-387E-45BC-AD04-C094019258C5}.Release|Any CPU.ActiveCfg = Release|Any CPU
		{BDEB2F7B-387E-45BC-AD04-C094019258C5}.Release|Any CPU.Build.0 = Release|Any CPU
		{E947B273-7374-4ACF-A583-1CB39E80E237}.Debug|Any CPU.ActiveCfg = Debug|Any CPU
		{E947B273-7374-4ACF-A583-1CB39E80E237}.Debug|Any CPU.Build.0 = Debug|Any CPU
		{E947B273-7374-4ACF-A583-1CB39E80E237}.Release|Any CPU.ActiveCfg = Release|Any CPU
		{E947B273-7374-4ACF-A583-1CB39E80E237}.Release|Any CPU.Build.0 = Release|Any CPU
		{60913B2F-A78E-411B-A497-480A8CE20B0C}.Debug|Any CPU.ActiveCfg = Debug|Any CPU
		{60913B2F-A78E-411B-A497-480A8CE20B0C}.Debug|Any CPU.Build.0 = Debug|Any CPU
		{60913B2F-A78E-411B-A497-480A8CE20B0C}.Release|Any CPU.ActiveCfg = Release|Any CPU
		{60913B2F-A78E-411B-A497-480A8CE20B0C}.Release|Any CPU.Build.0 = Release|Any CPU
		{503FA4E7-384C-4B69-ACE1-D4AC87F914AE}.Debug|Any CPU.ActiveCfg = Debug|Any CPU
		{503FA4E7-384C-4B69-ACE1-D4AC87F914AE}.Debug|Any CPU.Build.0 = Debug|Any CPU
		{503FA4E7-384C-4B69-ACE1-D4AC87F914AE}.Release|Any CPU.ActiveCfg = Release|Any CPU
		{503FA4E7-384C-4B69-ACE1-D4AC87F914AE}.Release|Any CPU.Build.0 = Release|Any CPU
		{8C3FAF2E-81BA-4893-8293-10B535D3A863}.Debug|Any CPU.ActiveCfg = Debug|Any CPU
		{8C3FAF2E-81BA-4893-8293-10B535D3A863}.Debug|Any CPU.Build.0 = Debug|Any CPU
		{8C3FAF2E-81BA-4893-8293-10B535D3A863}.Release|Any CPU.ActiveCfg = Release|Any CPU
		{8C3FAF2E-81BA-4893-8293-10B535D3A863}.Release|Any CPU.Build.0 = Release|Any CPU
		{DF5B428A-D8DC-4FDA-A3EC-206E517F715A}.Debug|Any CPU.ActiveCfg = Debug|Any CPU
		{DF5B428A-D8DC-4FDA-A3EC-206E517F715A}.Debug|Any CPU.Build.0 = Debug|Any CPU
		{DF5B428A-D8DC-4FDA-A3EC-206E517F715A}.Release|Any CPU.ActiveCfg = Release|Any CPU
		{DF5B428A-D8DC-4FDA-A3EC-206E517F715A}.Release|Any CPU.Build.0 = Release|Any CPU
	EndGlobalSection
	GlobalSection(SolutionProperties) = preSolution
		HideSolutionNode = FALSE
	EndGlobalSection
	GlobalSection(NestedProjects) = preSolution
		{8726C911-5A3A-4A0E-A784-1680ACF738AF} = {044335A8-1D82-43B9-AFBD-E0621F289A25}
		{43F6461F-12C8-4BC4-B13A-914EFC1C6FEC} = {044335A8-1D82-43B9-AFBD-E0621F289A25}
		{561F1E41-09B7-4D53-9F8D-0B1524741F14} = {8726C911-5A3A-4A0E-A784-1680ACF738AF}
		{17958591-8A97-4376-AB11-CBFE4E71D0E8} = {8726C911-5A3A-4A0E-A784-1680ACF738AF}
		{B5FE03CD-246C-4ABE-834F-6284DF2B08AF} = {8726C911-5A3A-4A0E-A784-1680ACF738AF}
		{4930D724-D428-4D7B-83B7-3622DDCC0375} = {8726C911-5A3A-4A0E-A784-1680ACF738AF}
		{82F9BDB6-7F9C-4FB5-869B-F2AA29D5D9DA} = {8726C911-5A3A-4A0E-A784-1680ACF738AF}
		{BDEB2F7B-387E-45BC-AD04-C094019258C5} = {8726C911-5A3A-4A0E-A784-1680ACF738AF}
		{E947B273-7374-4ACF-A583-1CB39E80E237} = {43F6461F-12C8-4BC4-B13A-914EFC1C6FEC}
		{60913B2F-A78E-411B-A497-480A8CE20B0C} = {43F6461F-12C8-4BC4-B13A-914EFC1C6FEC}
		{503FA4E7-384C-4B69-ACE1-D4AC87F914AE} = {43F6461F-12C8-4BC4-B13A-914EFC1C6FEC}
		{8C3FAF2E-81BA-4893-8293-10B535D3A863} = {43F6461F-12C8-4BC4-B13A-914EFC1C6FEC}
		{DF5B428A-D8DC-4FDA-A3EC-206E517F715A} = {43F6461F-12C8-4BC4-B13A-914EFC1C6FEC}
	EndGlobalSection
	GlobalSection(ExtensibilityGlobals) = postSolution
		SolutionGuid = {D1902F5F-9CD8-4411-9061-63640A38525C}
	EndGlobalSection
EndGlobal
